# THIS IS AN AUTOGENERATED FILE. DO NOT EDIT THIS FILE DIRECTLY.
# yarn lockfile v1


"@tanstack/query-core@5.74.4":
  version "5.74.4"
  resolved "https://registry.yarnpkg.com/@tanstack/query-core/-/query-core-5.74.4.tgz#08c4f88f336738d822d9242c5e7d2be50f5c25b3"
  integrity sha512-YuG0A0+3i9b2Gfo9fkmNnkUWh5+5cFhWBN0pJAHkHilTx6A0nv8kepkk4T4GRt4e5ahbtFj2eTtkiPcVU1xO4A==

"@tanstack/react-query@^5.74.4":
  version "5.74.4"
  resolved "https://registry.yarnpkg.com/@tanstack/react-query/-/react-query-5.74.4.tgz#d73ee1899c08a227519cbf53b9a0e0b1e67cd3fe"
  integrity sha512-mAbxw60d4ffQ4qmRYfkO1xzRBPUEf/72Dgo3qqea0J66nIKuDTLEqQt0ku++SDFlMGMnB6uKDnEG1xD/TDse4Q==
  dependencies:
    "@tanstack/query-core" "5.74.4"
