# This file is generated by running "yarn install" inside your project.
# Manual changes might be lost - proceed with caution!

__metadata:
  version: 8
  cacheKey: 10c0

"@adraffy/ens-normalize@npm:1.10.1":
  version: 1.10.1
  resolution: "@adraffy/ens-normalize@npm:1.10.1"
  checksum: 10c0/fdd647604e8fac6204921888aaf5a6bc65eabf0d2921bc5f93b64d01f4bc33ead167c1445f7de05468d05cd92ac31b74c68d2be840c62b79d73693308f885c06
  languageName: node
  linkType: hard

"@adraffy/ens-normalize@npm:^1.11.0":
  version: 1.11.1
  resolution: "@adraffy/ens-normalize@npm:1.11.1"
  checksum: 10c0/b364e2a57131db278ebf2f22d1a1ac6d8aea95c49dd2bbbc1825870b38aa91fd8816aba580a1f84edc50a45eb6389213dacfd1889f32893afc8549a82d304767
  languageName: node
  linkType: hard

"@esbuild/aix-ppc64@npm:0.28.1":
  version: 0.28.1
  resolution: "@esbuild/aix-ppc64@npm:0.28.1"
  conditions: os=aix & cpu=ppc64
  languageName: node
  linkType: hard

"@esbuild/android-arm64@npm:0.28.1":
  version: 0.28.1
  resolution: "@esbuild/android-arm64@npm:0.28.1"
  conditions: os=android & cpu=arm64
  languageName: node
  linkType: hard

"@esbuild/android-arm@npm:0.28.1":
  version: 0.28.1
  resolution: "@esbuild/android-arm@npm:0.28.1"
  conditions: os=android & cpu=arm
  languageName: node
  linkType: hard

"@esbuild/android-x64@npm:0.28.1":
  version: 0.28.1
  resolution: "@esbuild/android-x64@npm:0.28.1"
  conditions: os=android & cpu=x64
  languageName: node
  linkType: hard

"@esbuild/darwin-arm64@npm:0.28.1":
  version: 0.28.1
  resolution: "@esbuild/darwin-arm64@npm:0.28.1"
  conditions: os=darwin & cpu=arm64
  languageName: node
  linkType: hard

"@esbuild/darwin-x64@npm:0.28.1":
  version: 0.28.1
  resolution: "@esbuild/darwin-x64@npm:0.28.1"
  conditions: os=darwin & cpu=x64
  languageName: node
  linkType: hard

"@esbuild/freebsd-arm64@npm:0.28.1":
  version: 0.28.1
  resolution: "@esbuild/freebsd-arm64@npm:0.28.1"
  conditions: os=freebsd & cpu=arm64
  languageName: node
  linkType: hard

"@esbuild/freebsd-x64@npm:0.28.1":
  version: 0.28.1
  resolution: "@esbuild/freebsd-x64@npm:0.28.1"
  conditions: os=freebsd & cpu=x64
  languageName: node
  linkType: hard

"@esbuild/linux-arm64@npm:0.28.1":
  version: 0.28.1
  resolution: "@esbuild/linux-arm64@npm:0.28.1"
  conditions: os=linux & cpu=arm64
  languageName: node
  linkType: hard

"@esbuild/linux-arm@npm:0.28.1":
  version: 0.28.1
  resolution: "@esbuild/linux-arm@npm:0.28.1"
  conditions: os=linux & cpu=arm
  languageName: node
  linkType: hard

"@esbuild/linux-ia32@npm:0.28.1":
  version: 0.28.1
  resolution: "@esbuild/linux-ia32@npm:0.28.1"
  conditions: os=linux & cpu=ia32
  languageName: node
  linkType: hard

"@esbuild/linux-loong64@npm:0.28.1":
  version: 0.28.1
  resolution: "@esbuild/linux-loong64@npm:0.28.1"
  conditions: os=linux & cpu=loong64
  languageName: node
  linkType: hard

"@esbuild/linux-mips64el@npm:0.28.1":
  version: 0.28.1
  resolution: "@esbuild/linux-mips64el@npm:0.28.1"
  conditions: os=linux & cpu=mips64el
  languageName: node
  linkType: hard

"@esbuild/linux-ppc64@npm:0.28.1":
  version: 0.28.1
  resolution: "@esbuild/linux-ppc64@npm:0.28.1"
  conditions: os=linux & cpu=ppc64
  languageName: node
  linkType: hard

"@esbuild/linux-riscv64@npm:0.28.1":
  version: 0.28.1
  resolution: "@esbuild/linux-riscv64@npm:0.28.1"
  conditions: os=linux & cpu=riscv64
  languageName: node
  linkType: hard

"@esbuild/linux-s390x@npm:0.28.1":
  version: 0.28.1
  resolution: "@esbuild/linux-s390x@npm:0.28.1"
  conditions: os=linux & cpu=s390x
  languageName: node
  linkType: hard

"@esbuild/linux-x64@npm:0.28.1":
  version: 0.28.1
  resolution: "@esbuild/linux-x64@npm:0.28.1"
  conditions: os=linux & cpu=x64
  languageName: node
  linkType: hard

"@esbuild/netbsd-arm64@npm:0.28.1":
  version: 0.28.1
  resolution: "@esbuild/netbsd-arm64@npm:0.28.1"
  conditions: os=netbsd & cpu=arm64
  languageName: node
  linkType: hard

"@esbuild/netbsd-x64@npm:0.28.1":
  version: 0.28.1
  resolution: "@esbuild/netbsd-x64@npm:0.28.1"
  conditions: os=netbsd & cpu=x64
  languageName: node
  linkType: hard

"@esbuild/openbsd-arm64@npm:0.28.1":
  version: 0.28.1
  resolution: "@esbuild/openbsd-arm64@npm:0.28.1"
  conditions: os=openbsd & cpu=arm64
  languageName: node
  linkType: hard

"@esbuild/openbsd-x64@npm:0.28.1":
  version: 0.28.1
  resolution: "@esbuild/openbsd-x64@npm:0.28.1"
  conditions: os=openbsd & cpu=x64
  languageName: node
  linkType: hard

"@esbuild/openharmony-arm64@npm:0.28.1":
  version: 0.28.1
  resolution: "@esbuild/openharmony-arm64@npm:0.28.1"
  conditions: os=openharmony & cpu=arm64
  languageName: node
  linkType: hard

"@esbuild/sunos-x64@npm:0.28.1":
  version: 0.28.1
  resolution: "@esbuild/sunos-x64@npm:0.28.1"
  conditions: os=sunos & cpu=x64
  languageName: node
  linkType: hard

"@esbuild/win32-arm64@npm:0.28.1":
  version: 0.28.1
  resolution: "@esbuild/win32-arm64@npm:0.28.1"
  conditions: os=win32 & cpu=arm64
  languageName: node
  linkType: hard

"@esbuild/win32-ia32@npm:0.28.1":
  version: 0.28.1
  resolution: "@esbuild/win32-ia32@npm:0.28.1"
  conditions: os=win32 & cpu=ia32
  languageName: node
  linkType: hard

"@esbuild/win32-x64@npm:0.28.1":
  version: 0.28.1
  resolution: "@esbuild/win32-x64@npm:0.28.1"
  conditions: os=win32 & cpu=x64
  languageName: node
  linkType: hard

"@getpara/rest-sdk@npm:3.18.0":
  version: 3.18.0
  resolution: "@getpara/rest-sdk@npm:3.18.0"
  dependencies:
    "@getpara/shared": "npm:^1.29.0"
  peerDependencies:
    "@solana/addresses": ^2.2.1
    "@solana/keys": ^2.2.1
    "@solana/signers": ^2.2.1
    "@solana/transactions": ^2.2.1
    ethers: ^6.13.4
    viem: ^2.39.0
  peerDependenciesMeta:
    "@solana/addresses":
      optional: true
    "@solana/keys":
      optional: true
    "@solana/signers":
      optional: true
    "@solana/transactions":
      optional: true
    ethers:
      optional: true
    viem:
      optional: true
  checksum: 10c0/277d0343ab2384d1c9b342e36807c5747eb637d06728e4cc907538985a3ad8885a76a85309c3d1d3a1340dc46884f31972feab5c90661fac0b0302e1570515c9
  languageName: node
  linkType: hard

"@getpara/shared@npm:^1.29.0":
  version: 1.29.0
  resolution: "@getpara/shared@npm:1.29.0"
  dependencies:
    zod: "npm:^3.22.4"
  checksum: 10c0/46083b126c11de7fab020c1db79e7466b1fdb0abecb23910505062086532745fd91b2b338d19a978920f1f61dcbbf74f7e5fe9f4abd0d8e1841d323bf24a8219
  languageName: node
  linkType: hard

"@isaacs/fs-minipass@npm:^4.0.0":
  version: 4.0.1
  resolution: "@isaacs/fs-minipass@npm:4.0.1"
  dependencies:
    minipass: "npm:^7.0.4"
  checksum: 10c0/c25b6dc1598790d5b55c0947a9b7d111cfa92594db5296c3b907e2f533c033666f692a3939eadac17b1c7c40d362d0b0635dc874cbfe3e70db7c2b07cc97a5d2
  languageName: node
  linkType: hard

"@noble/ciphers@npm:^1.3.0":
  version: 1.3.0
  resolution: "@noble/ciphers@npm:1.3.0"
  checksum: 10c0/3ba6da645ce45e2f35e3b2e5c87ceba86b21dfa62b9466ede9edfb397f8116dae284f06652c0cd81d99445a2262b606632e868103d54ecc99fd946ae1af8cd37
  languageName: node
  linkType: hard

"@noble/curves@npm:1.2.0":
  version: 1.2.0
  resolution: "@noble/curves@npm:1.2.0"
  dependencies:
    "@noble/hashes": "npm:1.3.2"
  checksum: 10c0/0bac7d1bbfb3c2286910b02598addd33243cb97c3f36f987ecc927a4be8d7d88e0fcb12b0f0ef8a044e7307d1844dd5c49bb724bfa0a79c8ec50ba60768c97f6
  languageName: node
  linkType: hard

"@noble/curves@npm:1.9.1":
  version: 1.9.1
  resolution: "@noble/curves@npm:1.9.1"
  dependencies:
    "@noble/hashes": "npm:1.8.0"
  checksum: 10c0/39c84dbfecdca80cfde2ecea4b06ef2ec1255a4df40158d22491d1400057a283f57b2b26c8b1331006e6e061db791f31d47764961c239437032e2f45e8888c1e
  languageName: node
  linkType: hard

"@noble/curves@npm:~1.9.0":
  version: 1.9.7
  resolution: "@noble/curves@npm:1.9.7"
  dependencies:
    "@noble/hashes": "npm:1.8.0"
  checksum: 10c0/150014751ebe8ca06a8654ca2525108452ea9ee0be23430332769f06808cddabfe84f248b6dbf836916bc869c27c2092957eec62c7506d68a1ed0a624017c2a3
  languageName: node
  linkType: hard

"@noble/hashes@npm:1.3.2":
  version: 1.3.2
  resolution: "@noble/hashes@npm:1.3.2"
  checksum: 10c0/2482cce3bce6a596626f94ca296e21378e7a5d4c09597cbc46e65ffacc3d64c8df73111f2265444e36a3168208628258bbbaccba2ef24f65f58b2417638a20e7
  languageName: node
  linkType: hard

"@noble/hashes@npm:1.8.0, @noble/hashes@npm:^1.8.0, @noble/hashes@npm:~1.8.0":
  version: 1.8.0
  resolution: "@noble/hashes@npm:1.8.0"
  checksum: 10c0/06a0b52c81a6fa7f04d67762e08b2c476a00285858150caeaaff4037356dd5e119f45b2a530f638b77a5eeca013168ec1b655db41bae3236cb2e9d511484fc77
  languageName: node
  linkType: hard

"@scure/base@npm:~1.2.5":
  version: 1.2.6
  resolution: "@scure/base@npm:1.2.6"
  checksum: 10c0/49bd5293371c4e062cb6ba689c8fe3ea3981b7bb9c000400dc4eafa29f56814cdcdd27c04311c2fec34de26bc373c593a1d6ca6d754398a488d587943b7c128a
  languageName: node
  linkType: hard

"@scure/bip32@npm:1.7.0, @scure/bip32@npm:^1.7.0":
  version: 1.7.0
  resolution: "@scure/bip32@npm:1.7.0"
  dependencies:
    "@noble/curves": "npm:~1.9.0"
    "@noble/hashes": "npm:~1.8.0"
    "@scure/base": "npm:~1.2.5"
  checksum: 10c0/e3d4c1f207df16abcd79babcdb74d36f89bdafc90bf02218a5140cc5cba25821d80d42957c6705f35210cc5769714ea9501d4ae34732cdd1c26c9ff182a219f7
  languageName: node
  linkType: hard

"@scure/bip39@npm:1.6.0, @scure/bip39@npm:^1.6.0":
  version: 1.6.0
  resolution: "@scure/bip39@npm:1.6.0"
  dependencies:
    "@noble/hashes": "npm:~1.8.0"
    "@scure/base": "npm:~1.2.5"
  checksum: 10c0/73a54b5566a50a3f8348a5cfd74d2092efeefc485efbed83d7a7374ffd9a75defddf446e8e5ea0385e4adb49a94b8ae83c5bad3e16333af400e932f7da3aaff8
  languageName: node
  linkType: hard

"@solana/addresses@npm:2.3.0, @solana/addresses@npm:^2.2.1":
  version: 2.3.0
  resolution: "@solana/addresses@npm:2.3.0"
  dependencies:
    "@solana/assertions": "npm:2.3.0"
    "@solana/codecs-core": "npm:2.3.0"
    "@solana/codecs-strings": "npm:2.3.0"
    "@solana/errors": "npm:2.3.0"
    "@solana/nominal-types": "npm:2.3.0"
  peerDependencies:
    typescript: ">=5.3.3"
  checksum: 10c0/c54de389f30e9c2ef58ce696190343b424b88aaf76cdc84cd533897237e0c171fc530e10a59dfa8558e9fc0a28dab89709615b2a3613f3e0f508c6e7f83a63bc
  languageName: node
  linkType: hard

"@solana/assertions@npm:2.3.0":
  version: 2.3.0
  resolution: "@solana/assertions@npm:2.3.0"
  dependencies:
    "@solana/errors": "npm:2.3.0"
  peerDependencies:
    typescript: ">=5.3.3"
  checksum: 10c0/76a3a2764bbc95e21f63a1e6c88e241ce3b1f7dba54da49284dfac575066c524b7b6ad6930b7c91fb99d2befc5e0c15f170c73dbe0a5de2ecf2bc714740f81f1
  languageName: node
  linkType: hard

"@solana/codecs-core@npm:2.3.0":
  version: 2.3.0
  resolution: "@solana/codecs-core@npm:2.3.0"
  dependencies:
    "@solana/errors": "npm:2.3.0"
  peerDependencies:
    typescript: ">=5.3.3"
  checksum: 10c0/efef080b94fe572bcfeac9f1c0b222700203bd2b45c9590e77445b35335d0ed2582d1cc4e533003d2090c385c06eb93dfa05388f9766182aa60ce85eacfd8042
  languageName: node
  linkType: hard

"@solana/codecs-data-structures@npm:2.3.0":
  version: 2.3.0
  resolution: "@solana/codecs-data-structures@npm:2.3.0"
  dependencies:
    "@solana/codecs-core": "npm:2.3.0"
    "@solana/codecs-numbers": "npm:2.3.0"
    "@solana/errors": "npm:2.3.0"
  peerDependencies:
    typescript: ">=5.3.3"
  checksum: 10c0/a189979f62a2b77c4b631476232979ee865047862183af4aea58a957d0067d89f409eb2d8c336f2f7a5ae6816f0564ea8639f8915587a8a95431d2d696d8656d
  languageName: node
  linkType: hard

"@solana/codecs-numbers@npm:2.3.0":
  version: 2.3.0
  resolution: "@solana/codecs-numbers@npm:2.3.0"
  dependencies:
    "@solana/codecs-core": "npm:2.3.0"
    "@solana/errors": "npm:2.3.0"
  peerDependencies:
    typescript: ">=5.3.3"
  checksum: 10c0/0780d60771e451cfe22ea614315fed2f37507aa62f83cddb900186f88d4d4532eea298d74796d1dbc8c34321a570b5d9ada25e8f4a5aeadd57aa4e688b4465f5
  languageName: node
  linkType: hard

"@solana/codecs-strings@npm:2.3.0":
  version: 2.3.0
  resolution: "@solana/codecs-strings@npm:2.3.0"
  dependencies:
    "@solana/codecs-core": "npm:2.3.0"
    "@solana/codecs-numbers": "npm:2.3.0"
    "@solana/errors": "npm:2.3.0"
  peerDependencies:
    fastestsmallesttextencoderdecoder: ^1.0.22
    typescript: ">=5.3.3"
  checksum: 10c0/547b6046751ac15988d280939aa35a178b262de6a72366f6efb78d9fea3cdfd8461c719f63f96a983b934d34d50aeb04207eb9e812b0736335c01991dde2857b
  languageName: node
  linkType: hard

"@solana/errors@npm:2.3.0":
  version: 2.3.0
  resolution: "@solana/errors@npm:2.3.0"
  dependencies:
    chalk: "npm:^5.4.1"
    commander: "npm:^14.0.0"
  peerDependencies:
    typescript: ">=5.3.3"
  bin:
    errors: bin/cli.mjs
  checksum: 10c0/55bef8828b4a6bb5222d3dbfe27162684906ba90753126b9cfd1e8e39c6c29209c0f4f331cfb1d3d1cf43fd456022af92337b4234a145d8de292588197c12c71
  languageName: node
  linkType: hard

"@solana/functional@npm:2.3.0":
  version: 2.3.0
  resolution: "@solana/functional@npm:2.3.0"
  peerDependencies:
    typescript: ">=5.3.3"
  checksum: 10c0/6a2d564f00515f401497bcbf00542fca354dfbbc89c16a7172a2fbffcb96caf006d4e2c2471d5499bafb43365d1156fd2be783bbd46b56e18e8908de33659062
  languageName: node
  linkType: hard

"@solana/instructions@npm:2.3.0":
  version: 2.3.0
  resolution: "@solana/instructions@npm:2.3.0"
  dependencies:
    "@solana/codecs-core": "npm:2.3.0"
    "@solana/errors": "npm:2.3.0"
  peerDependencies:
    typescript: ">=5.3.3"
  checksum: 10c0/0eb00090576aff2c7089d84103463b059a4f50c1e244d4f50925b54f98abe148269efa45e9b3cc3a9e4ef84619a24694ad282759800009448530e6ed22e3b189
  languageName: node
  linkType: hard

"@solana/keys@npm:2.3.0, @solana/keys@npm:^2.2.1":
  version: 2.3.0
  resolution: "@solana/keys@npm:2.3.0"
  dependencies:
    "@solana/assertions": "npm:2.3.0"
    "@solana/codecs-core": "npm:2.3.0"
    "@solana/codecs-strings": "npm:2.3.0"
    "@solana/errors": "npm:2.3.0"
    "@solana/nominal-types": "npm:2.3.0"
  peerDependencies:
    typescript: ">=5.3.3"
  checksum: 10c0/72bce8e0315319e66f8610e0492ea28925b3149b93a4ae07a08ac43a4cd1065954147073b035a4350e6b6559e97c885ad664ac9d63d5cd04322b9dc879ab7161
  languageName: node
  linkType: hard

"@solana/nominal-types@npm:2.3.0":
  version: 2.3.0
  resolution: "@solana/nominal-types@npm:2.3.0"
  peerDependencies:
    typescript: ">=5.3.3"
  checksum: 10c0/fb24bd630c67afcb1eeb6ec756a1116167d45a77ce539f62bb4b911d44fd26e83d4388bf1ff27d76a5f2f19add65d1e3a5a3875fa1ac9b73a2b29a119553daa6
  languageName: node
  linkType: hard

"@solana/rpc-types@npm:2.3.0":
  version: 2.3.0
  resolution: "@solana/rpc-types@npm:2.3.0"
  dependencies:
    "@solana/addresses": "npm:2.3.0"
    "@solana/codecs-core": "npm:2.3.0"
    "@solana/codecs-numbers": "npm:2.3.0"
    "@solana/codecs-strings": "npm:2.3.0"
    "@solana/errors": "npm:2.3.0"
    "@solana/nominal-types": "npm:2.3.0"
  peerDependencies:
    typescript: ">=5.3.3"
  checksum: 10c0/1edee0762deba613e16ece79e5f0132f4bdd534d51308e26a37f31c397146a1b004e2b340011bb7d2151e04c7bb6cd69fbe17b9c64c16e36ea4894e17f87fdc4
  languageName: node
  linkType: hard

"@solana/signers@npm:^2.2.1":
  version: 2.3.0
  resolution: "@solana/signers@npm:2.3.0"
  dependencies:
    "@solana/addresses": "npm:2.3.0"
    "@solana/codecs-core": "npm:2.3.0"
    "@solana/errors": "npm:2.3.0"
    "@solana/instructions": "npm:2.3.0"
    "@solana/keys": "npm:2.3.0"
    "@solana/nominal-types": "npm:2.3.0"
    "@solana/transaction-messages": "npm:2.3.0"
    "@solana/transactions": "npm:2.3.0"
  peerDependencies:
    typescript: ">=5.3.3"
  checksum: 10c0/073c8df2cfc85c35d593f4f6fafa6f31a3f7f5856fa491362473e24c4cd6942662cd86c86f4d3d184ecf5956904afa1b6fcb16e2d44ee1b56b515f1ed90317d7
  languageName: node
  linkType: hard

"@solana/transaction-messages@npm:2.3.0":
  version: 2.3.0
  resolution: "@solana/transaction-messages@npm:2.3.0"
  dependencies:
    "@solana/addresses": "npm:2.3.0"
    "@solana/codecs-core": "npm:2.3.0"
    "@solana/codecs-data-structures": "npm:2.3.0"
    "@solana/codecs-numbers": "npm:2.3.0"
    "@solana/errors": "npm:2.3.0"
    "@solana/functional": "npm:2.3.0"
    "@solana/instructions": "npm:2.3.0"
    "@solana/nominal-types": "npm:2.3.0"
    "@solana/rpc-types": "npm:2.3.0"
  peerDependencies:
    typescript: ">=5.3.3"
  checksum: 10c0/7aa6ac6808c0b34b1c60efadb0f02db1db4faed29753bf3ea42c5858988e7aedac6bca773a3bb10d0c0e58b98a1409c290e892e7c532b4838f973fa99cb49847
  languageName: node
  linkType: hard

"@solana/transactions@npm:2.3.0, @solana/transactions@npm:^2.2.1":
  version: 2.3.0
  resolution: "@solana/transactions@npm:2.3.0"
  dependencies:
    "@solana/addresses": "npm:2.3.0"
    "@solana/codecs-core": "npm:2.3.0"
    "@solana/codecs-data-structures": "npm:2.3.0"
    "@solana/codecs-numbers": "npm:2.3.0"
    "@solana/codecs-strings": "npm:2.3.0"
    "@solana/errors": "npm:2.3.0"
    "@solana/functional": "npm:2.3.0"
    "@solana/instructions": "npm:2.3.0"
    "@solana/keys": "npm:2.3.0"
    "@solana/nominal-types": "npm:2.3.0"
    "@solana/rpc-types": "npm:2.3.0"
    "@solana/transaction-messages": "npm:2.3.0"
  peerDependencies:
    typescript: ">=5.3.3"
  checksum: 10c0/e033a1556aa3bc9a6473e0f258a36882cb008d220041a665268a42315114e2beb62265818b517d9d7e418b8476e96d9234591827585ee311983a2f88615757ab
  languageName: node
  linkType: hard

"@types/node@npm:22.7.5":
  version: 22.7.5
  resolution: "@types/node@npm:22.7.5"
  dependencies:
    undici-types: "npm:~6.19.2"
  checksum: 10c0/cf11f74f1a26053ec58066616e3a8685b6bcd7259bc569738b8f752009f9f0f7f85a1b2d24908e5b0f752482d1e8b6babdf1fbb25758711ec7bb9500bfcd6e60
  languageName: node
  linkType: hard

"@types/node@npm:^20.0.0":
  version: 20.19.41
  resolution: "@types/node@npm:20.19.41"
  dependencies:
    undici-types: "npm:~6.21.0"
  checksum: 10c0/aa2a07317bbd700bea68d5784b403a738dbcebadbe2d8ef05649f7953065120d5d37f7edfdd7881df3a3bd15328c8a4dc46fdd69732ab540d552c505378c585b
  languageName: node
  linkType: hard

"abbrev@npm:^4.0.0":
  version: 4.0.0
  resolution: "abbrev@npm:4.0.0"
  checksum: 10c0/b4cc16935235e80702fc90192e349e32f8ef0ed151ef506aa78c81a7c455ec18375c4125414b99f84b2e055199d66383e787675f0bcd87da7a4dbd59f9eac1d5
  languageName: node
  linkType: hard

"abitype@npm:1.2.3":
  version: 1.2.3
  resolution: "abitype@npm:1.2.3"
  peerDependencies:
    typescript: ">=5.0.4"
    zod: ^3.22.0 || ^4.0.0
  peerDependenciesMeta:
    typescript:
      optional: true
    zod:
      optional: true
  checksum: 10c0/c8740de1ae4961723a153224a52cb9a34a57903fb5c2ad61d5082b0b79b53033c9335381aa8c663c7ec213c9955a9853f694d51e95baceedef27356f7745c634
  languageName: node
  linkType: hard

"abitype@npm:^1.2.3":
  version: 1.2.4
  resolution: "abitype@npm:1.2.4"
  peerDependencies:
    typescript: ">=5.0.4"
    zod: ^3.22.0 || ^4.0.0
  peerDependenciesMeta:
    typescript:
      optional: true
    zod:
      optional: true
  checksum: 10c0/b420d8368f92a9bf456bc51a15866af2d8463e2397006551148e654cef9ca786a31d487e27942992c5b5b443b8a6b8adb0efff0c96d58e2ed81b23940fe86b2f
  languageName: node
  linkType: hard

"aes-js@npm:4.0.0-beta.5":
  version: 4.0.0-beta.5
  resolution: "aes-js@npm:4.0.0-beta.5"
  checksum: 10c0/444f4eefa1e602cbc4f2a3c644bc990f93fd982b148425fee17634da510586fc09da940dcf8ace1b2d001453c07ff042e55f7a0482b3cc9372bf1ef75479090c
  languageName: node
  linkType: hard

"chalk@npm:^5.4.1":
  version: 5.6.2
  resolution: "chalk@npm:5.6.2"
  checksum: 10c0/99a4b0f0e7991796b1e7e3f52dceb9137cae2a9dfc8fc0784a550dc4c558e15ab32ed70b14b21b52beb2679b4892b41a0aa44249bcb996f01e125d58477c6976
  languageName: node
  linkType: hard

"chownr@npm:^3.0.0":
  version: 3.0.0
  resolution: "chownr@npm:3.0.0"
  checksum: 10c0/43925b87700f7e3893296c8e9c56cc58f926411cce3a6e5898136daaf08f08b9a8eb76d37d3267e707d0dcc17aed2e2ebdf5848c0c3ce95cf910a919935c1b10
  languageName: node
  linkType: hard

"commander@npm:^14.0.0":
  version: 14.0.3
  resolution: "commander@npm:14.0.3"
  checksum: 10c0/755652564bbf56ff2ff083313912b326450d3f8d8c85f4b71416539c9a05c3c67dbd206821ca72635bf6b160e2afdefcb458e86b317827d5cb333b69ce7f1a24
  languageName: node
  linkType: hard

"dotenv@npm:^17.2.0":
  version: 17.4.2
  resolution: "dotenv@npm:17.4.2"
  checksum: 10c0/164f8e77a646c8446867d5b588d26ea6005c8ea7c5eb41cf926f6113d23f2191355f6e0cfd95ea9bab98394a5b0a3f1e51a8399711b666fe55cc7b0bd745f942
  languageName: node
  linkType: hard

"env-paths@npm:^2.2.0":
  version: 2.2.1
  resolution: "env-paths@npm:2.2.1"
  checksum: 10c0/285325677bf00e30845e330eec32894f5105529db97496ee3f598478e50f008c5352a41a30e5e72ec9de8a542b5a570b85699cd63bd2bc646dbcb9f311d83bc4
  languageName: node
  linkType: hard

"esbuild@npm:~0.28.0":
  version: 0.28.1
  resolution: "esbuild@npm:0.28.1"
  dependencies:
    "@esbuild/aix-ppc64": "npm:0.28.1"
    "@esbuild/android-arm": "npm:0.28.1"
    "@esbuild/android-arm64": "npm:0.28.1"
    "@esbuild/android-x64": "npm:0.28.1"
    "@esbuild/darwin-arm64": "npm:0.28.1"
    "@esbuild/darwin-x64": "npm:0.28.1"
    "@esbuild/freebsd-arm64": "npm:0.28.1"
    "@esbuild/freebsd-x64": "npm:0.28.1"
    "@esbuild/linux-arm": "npm:0.28.1"
    "@esbuild/linux-arm64": "npm:0.28.1"
    "@esbuild/linux-ia32": "npm:0.28.1"
    "@esbuild/linux-loong64": "npm:0.28.1"
    "@esbuild/linux-mips64el": "npm:0.28.1"
    "@esbuild/linux-ppc64": "npm:0.28.1"
    "@esbuild/linux-riscv64": "npm:0.28.1"
    "@esbuild/linux-s390x": "npm:0.28.1"
    "@esbuild/linux-x64": "npm:0.28.1"
    "@esbuild/netbsd-arm64": "npm:0.28.1"
    "@esbuild/netbsd-x64": "npm:0.28.1"
    "@esbuild/openbsd-arm64": "npm:0.28.1"
    "@esbuild/openbsd-x64": "npm:0.28.1"
    "@esbuild/openharmony-arm64": "npm:0.28.1"
    "@esbuild/sunos-x64": "npm:0.28.1"
    "@esbuild/win32-arm64": "npm:0.28.1"
    "@esbuild/win32-ia32": "npm:0.28.1"
    "@esbuild/win32-x64": "npm:0.28.1"
  dependenciesMeta:
    "@esbuild/aix-ppc64":
      optional: true
    "@esbuild/android-arm":
      optional: true
    "@esbuild/android-arm64":
      optional: true
    "@esbuild/android-x64":
      optional: true
    "@esbuild/darwin-arm64":
      optional: true
    "@esbuild/darwin-x64":
      optional: true
    "@esbuild/freebsd-arm64":
      optional: true
    "@esbuild/freebsd-x64":
      optional: true
    "@esbuild/linux-arm":
      optional: true
    "@esbuild/linux-arm64":
      optional: true
    "@esbuild/linux-ia32":
      optional: true
    "@esbuild/linux-loong64":
      optional: true
    "@esbuild/linux-mips64el":
      optional: true
    "@esbuild/linux-ppc64":
      optional: true
    "@esbuild/linux-riscv64":
      optional: true
    "@esbuild/linux-s390x":
      optional: true
    "@esbuild/linux-x64":
      optional: true
    "@esbuild/netbsd-arm64":
      optional: true
    "@esbuild/netbsd-x64":
      optional: true
    "@esbuild/openbsd-arm64":
      optional: true
    "@esbuild/openbsd-x64":
      optional: true
    "@esbuild/openharmony-arm64":
      optional: true
    "@esbuild/sunos-x64":
      optional: true
    "@esbuild/win32-arm64":
      optional: true
    "@esbuild/win32-ia32":
      optional: true
    "@esbuild/win32-x64":
      optional: true
  bin:
    esbuild: bin/esbuild
  checksum: 10c0/29cd456a79ce35ac2c7e05fe871330416b2c395c045d849653f843e51378d6e0d6e774d6dcd01b35f4e83238a29bf8decd04fcd34b3780c589a250b21e5f92bb
  languageName: node
  linkType: hard

"ethers@npm:6.15.0":
  version: 6.15.0
  resolution: "ethers@npm:6.15.0"
  dependencies:
    "@adraffy/ens-normalize": "npm:1.10.1"
    "@noble/curves": "npm:1.2.0"
    "@noble/hashes": "npm:1.3.2"
    "@types/node": "npm:22.7.5"
    aes-js: "npm:4.0.0-beta.5"
    tslib: "npm:2.7.0"
    ws: "npm:8.17.1"
  checksum: 10c0/0a4581b662fe46a889a524d3aba43dc6f0ac59b3ae08dce678ee4b5799aab4906109ab24684c9644deedfc9d6e79b59faccecbeda9b6b7ceb085724d596a49e9
  languageName: node
  linkType: hard

"eventemitter3@npm:5.0.1":
  version: 5.0.1
  resolution: "eventemitter3@npm:5.0.1"
  checksum: 10c0/4ba5c00c506e6c786b4d6262cfbce90ddc14c10d4667e5c83ae993c9de88aa856033994dd2b35b83e8dc1170e224e66a319fa80adc4c32adcd2379bbc75da814
  languageName: node
  linkType: hard

"exponential-backoff@npm:^3.1.1":
  version: 3.1.3
  resolution: "exponential-backoff@npm:3.1.3"
  checksum: 10c0/77e3ae682b7b1f4972f563c6dbcd2b0d54ac679e62d5d32f3e5085feba20483cf28bd505543f520e287a56d4d55a28d7874299941faf637e779a1aa5994d1267
  languageName: node
  linkType: hard

"fdir@npm:^6.5.0":
  version: 6.5.0
  resolution: "fdir@npm:6.5.0"
  peerDependencies:
    picomatch: ^3 || ^4
  peerDependenciesMeta:
    picomatch:
      optional: true
  checksum: 10c0/e345083c4306b3aed6cb8ec551e26c36bab5c511e99ea4576a16750ddc8d3240e63826cc624f5ae17ad4dc82e68a253213b60d556c11bfad064b7607847ed07f
  languageName: node
  linkType: hard

"fsevents@npm:~2.3.3":
  version: 2.3.3
  resolution: "fsevents@npm:2.3.3"
  dependencies:
    node-gyp: "npm:latest"
  checksum: 10c0/a1f0c44595123ed717febbc478aa952e47adfc28e2092be66b8ab1635147254ca6cfe1df792a8997f22716d4cbafc73309899ff7bfac2ac3ad8cf2e4ecc3ec60
  conditions: os=darwin
  languageName: node
  linkType: hard

"fsevents@patch:fsevents@npm%3A~2.3.3#optional!builtin<compat/fsevents>":
  version: 2.3.3
  resolution: "fsevents@patch:fsevents@npm%3A2.3.3#optional!builtin<compat/fsevents>::version=2.3.3&hash=df0bf1"
  dependencies:
    node-gyp: "npm:latest"
  conditions: os=darwin
  languageName: node
  linkType: hard

"graceful-fs@npm:^4.2.6":
  version: 4.2.11
  resolution: "graceful-fs@npm:4.2.11"
  checksum: 10c0/386d011a553e02bc594ac2ca0bd6d9e4c22d7fa8cfbfc448a6d148c59ea881b092db9dbe3547ae4b88e55f1b01f7c4a2ecc53b310c042793e63aa44cf6c257f2
  languageName: node
  linkType: hard

"isexe@npm:^4.0.0":
  version: 4.0.0
  resolution: "isexe@npm:4.0.0"
  checksum: 10c0/5884815115bceac452877659a9c7726382531592f43dc29e5d48b7c4100661aed54018cb90bd36cb2eaeba521092570769167acbb95c18d39afdccbcca06c5ce
  languageName: node
  linkType: hard

"isows@npm:1.0.7":
  version: 1.0.7
  resolution: "isows@npm:1.0.7"
  peerDependencies:
    ws: "*"
  checksum: 10c0/43c41fe89c7c07258d0be3825f87e12da8ac9023c5b5ae6741ec00b2b8169675c04331ea73ef8c172d37a6747066f4dc93947b17cd369f92828a3b3e741afbda
  languageName: node
  linkType: hard

"minipass@npm:^7.0.4, minipass@npm:^7.1.2":
  version: 7.1.3
  resolution: "minipass@npm:7.1.3"
  checksum: 10c0/539da88daca16533211ea5a9ee98dc62ff5742f531f54640dd34429e621955e91cc280a91a776026264b7f9f6735947629f920944e9c1558369e8bf22eb33fbb
  languageName: node
  linkType: hard

"minizlib@npm:^3.1.0":
  version: 3.1.0
  resolution: "minizlib@npm:3.1.0"
  dependencies:
    minipass: "npm:^7.1.2"
  checksum: 10c0/5aad75ab0090b8266069c9aabe582c021ae53eb33c6c691054a13a45db3b4f91a7fb1bd79151e6b4e9e9a86727b522527c0a06ec7d45206b745d54cd3097bcec
  languageName: node
  linkType: hard

"node-gyp@npm:latest":
  version: 12.3.0
  resolution: "node-gyp@npm:12.3.0"
  dependencies:
    env-paths: "npm:^2.2.0"
    exponential-backoff: "npm:^3.1.1"
    graceful-fs: "npm:^4.2.6"
    nopt: "npm:^9.0.0"
    proc-log: "npm:^6.0.0"
    semver: "npm:^7.3.5"
    tar: "npm:^7.5.4"
    tinyglobby: "npm:^0.2.12"
    undici: "npm:^6.25.0"
    which: "npm:^6.0.0"
  bin:
    node-gyp: bin/node-gyp.js
  checksum: 10c0/9d9032b405cbe42f72a105259d9eb679376470c102df4a2dbaa51e07d59bf741dcffb85897087ea9d8318b9cabb824a8978af51508ae142f0239ae1e6a3c2329
  languageName: node
  linkType: hard

"nopt@npm:^9.0.0":
  version: 9.0.0
  resolution: "nopt@npm:9.0.0"
  dependencies:
    abbrev: "npm:^4.0.0"
  bin:
    nopt: bin/nopt.js
  checksum: 10c0/1822eb6f9b020ef6f7a7516d7b64a8036e09666ea55ac40416c36e4b2b343122c3cff0e2f085675f53de1d2db99a2a89a60ccea1d120bcd6a5347bf6ceb4a7fd
  languageName: node
  linkType: hard

"ox@npm:0.14.30":
  version: 0.14.30
  resolution: "ox@npm:0.14.30"
  dependencies:
    "@adraffy/ens-normalize": "npm:^1.11.0"
    "@noble/ciphers": "npm:^1.3.0"
    "@noble/curves": "npm:1.9.1"
    "@noble/hashes": "npm:^1.8.0"
    "@scure/bip32": "npm:^1.7.0"
    "@scure/bip39": "npm:^1.6.0"
    abitype: "npm:^1.2.3"
    eventemitter3: "npm:5.0.1"
  peerDependencies:
    typescript: ">=5.4.0"
  peerDependenciesMeta:
    typescript:
      optional: true
  checksum: 10c0/dfefa9218269103b3da3686c4da62849aef15e4347fd21f898fa113d9b4c2b86afab7c662c94d58206257736202647ce96249405c021c4a233712ac34fa3cc1b
  languageName: node
  linkType: hard

"picomatch@npm:^4.0.4":
  version: 4.0.4
  resolution: "picomatch@npm:4.0.4"
  checksum: 10c0/e2c6023372cc7b5764719a5ffb9da0f8e781212fa7ca4bd0562db929df8e117460f00dff3cb7509dacfc06b86de924b247f504d0ce1806a37fac4633081466b0
  languageName: node
  linkType: hard

"proc-log@npm:^6.0.0":
  version: 6.1.0
  resolution: "proc-log@npm:6.1.0"
  checksum: 10c0/4f178d4062733ead9d71a9b1ab24ebcecdfe2250916a5b1555f04fe2eda972a0ec76fbaa8df1ad9c02707add6749219d118a4fc46dc56bdfe4dde4b47d80bb82
  languageName: node
  linkType: hard

"rest-with-typed-sdk@workspace:.":
  version: 0.0.0-use.local
  resolution: "rest-with-typed-sdk@workspace:."
  dependencies:
    "@getpara/rest-sdk": "npm:3.18.0"
    "@solana/addresses": "npm:^2.2.1"
    "@solana/keys": "npm:^2.2.1"
    "@solana/signers": "npm:^2.2.1"
    "@solana/transactions": "npm:^2.2.1"
    "@types/node": "npm:^20.0.0"
    dotenv: "npm:^17.2.0"
    ethers: "npm:6.15.0"
    tsx: "npm:^4.20.3"
    typescript: "npm:^5.8.3"
    viem: "npm:2.55.1"
  languageName: unknown
  linkType: soft

"semver@npm:^7.3.5":
  version: 7.8.1
  resolution: "semver@npm:7.8.1"
  bin:
    semver: bin/semver.js
  checksum: 10c0/92d6871d6347e1f99d0ba396a70f2545ccf2a032cda3d378fa0699edf7506b5c6d266aed55c8b88e72bd91a30d2351e4f39db479375374430fcdc4b58f4e3c1a
  languageName: node
  linkType: hard

"tar@npm:^7.5.4":
  version: 7.5.16
  resolution: "tar@npm:7.5.16"
  dependencies:
    "@isaacs/fs-minipass": "npm:^4.0.0"
    chownr: "npm:^3.0.0"
    minipass: "npm:^7.1.2"
    minizlib: "npm:^3.1.0"
    yallist: "npm:^5.0.0"
  checksum: 10c0/4f37f3c4bd2ca2755fd736a5df1d573c1a868ec1b1e893346aeafa95ac510f9e2fd1469420bd866cc7904799e5bd4ac62b5d4f03fe27747d6e1e373b44505c5c
  languageName: node
  linkType: hard

"tinyglobby@npm:^0.2.12":
  version: 0.2.17
  resolution: "tinyglobby@npm:0.2.17"
  dependencies:
    fdir: "npm:^6.5.0"
    picomatch: "npm:^4.0.4"
  checksum: 10c0/7f7bb0f197c88bc4b20c231e0deca4240ca3bf313a88f5a7fee93a872b84966a4d50220947c0455ad07a60b3b360961c5b7fd979222aeb716a9f99b412002e4c
  languageName: node
  linkType: hard

"tslib@npm:2.7.0":
  version: 2.7.0
  resolution: "tslib@npm:2.7.0"
  checksum: 10c0/469e1d5bf1af585742128827000711efa61010b699cb040ab1800bcd3ccdd37f63ec30642c9e07c4439c1db6e46345582614275daca3e0f4abae29b0083f04a6
  languageName: node
  linkType: hard

"tsx@npm:^4.20.3":
  version: 4.22.4
  resolution: "tsx@npm:4.22.4"
  dependencies:
    esbuild: "npm:~0.28.0"
    fsevents: "npm:~2.3.3"
  dependenciesMeta:
    fsevents:
      optional: true
  bin:
    tsx: dist/cli.mjs
  checksum: 10c0/3df31eb4929ff501b40b122163705b201ea57a492581e14312ae95d21eb015b33ded46a3fd564f9c89a0e8083186987fc4f10dd38182c4ad6241605974f6c927
  languageName: node
  linkType: hard

"typescript@npm:^5.8.3":
  version: 5.9.3
  resolution: "typescript@npm:5.9.3"
  bin:
    tsc: bin/tsc
    tsserver: bin/tsserver
  checksum: 10c0/6bd7552ce39f97e711db5aa048f6f9995b53f1c52f7d8667c1abdc1700c68a76a308f579cd309ce6b53646deb4e9a1be7c813a93baaf0a28ccd536a30270e1c5
  languageName: node
  linkType: hard

"typescript@patch:typescript@npm%3A^5.8.3#optional!builtin<compat/typescript>":
  version: 5.9.3
  resolution: "typescript@patch:typescript@npm%3A5.9.3#optional!builtin<compat/typescript>::version=5.9.3&hash=5786d5"
  bin:
    tsc: bin/tsc
    tsserver: bin/tsserver
  checksum: 10c0/ad09fdf7a756814dce65bc60c1657b40d44451346858eea230e10f2e95a289d9183b6e32e5c11e95acc0ccc214b4f36289dcad4bf1886b0adb84d711d336a430
  languageName: node
  linkType: hard

"undici-types@npm:~6.19.2":
  version: 6.19.8
  resolution: "undici-types@npm:6.19.8"
  checksum: 10c0/078afa5990fba110f6824823ace86073b4638f1d5112ee26e790155f481f2a868cc3e0615505b6f4282bdf74a3d8caad715fd809e870c2bb0704e3ea6082f344
  languageName: node
  linkType: hard

"undici-types@npm:~6.21.0":
  version: 6.21.0
  resolution: "undici-types@npm:6.21.0"
  checksum: 10c0/c01ed51829b10aa72fc3ce64b747f8e74ae9b60eafa19a7b46ef624403508a54c526ffab06a14a26b3120d055e1104d7abe7c9017e83ced038ea5cf52f8d5e04
  languageName: node
  linkType: hard

"undici@npm:^6.25.0":
  version: 6.27.0
  resolution: "undici@npm:6.27.0"
  checksum: 10c0/f88c3dae3957dbf9d93cb481440aced317bd3c4941b5914fea5efba516d51138988cdb5c76006f0bb1337e41d56c3443351055d492e73af2428521c37ba2a76f
  languageName: node
  linkType: hard

"viem@npm:2.55.1":
  version: 2.55.1
  resolution: "viem@npm:2.55.1"
  dependencies:
    "@noble/curves": "npm:1.9.1"
    "@noble/hashes": "npm:1.8.0"
    "@scure/bip32": "npm:1.7.0"
    "@scure/bip39": "npm:1.6.0"
    abitype: "npm:1.2.3"
    isows: "npm:1.0.7"
    ox: "npm:0.14.30"
    ws: "npm:8.21.0"
  peerDependencies:
    typescript: ">=5.0.4"
  peerDependenciesMeta:
    typescript:
      optional: true
  checksum: 10c0/4747450c511604dc2280b94b6a6eab53638058a559531f7707d31f21de51670449530f9ebc2fbc06d961b8b5a6cfadb920683e701058adc8996619b012bbc56d
  languageName: node
  linkType: hard

"which@npm:^6.0.0":
  version: 6.0.1
  resolution: "which@npm:6.0.1"
  dependencies:
    isexe: "npm:^4.0.0"
  bin:
    node-which: bin/which.js
  checksum: 10c0/7e710e54ea36d2d6183bee2f9caa27a3b47b9baf8dee55a199b736fcf85eab3b9df7556fca3d02b50af7f3dfba5ea3a45644189836df06267df457e354da66d5
  languageName: node
  linkType: hard

"ws@npm:8.17.1":
  version: 8.17.1
  resolution: "ws@npm:8.17.1"
  peerDependencies:
    bufferutil: ^4.0.1
    utf-8-validate: ">=5.0.2"
  peerDependenciesMeta:
    bufferutil:
      optional: true
    utf-8-validate:
      optional: true
  checksum: 10c0/f4a49064afae4500be772abdc2211c8518f39e1c959640457dcee15d4488628620625c783902a52af2dd02f68558da2868fd06e6fd0e67ebcd09e6881b1b5bfe
  languageName: node
  linkType: hard

"ws@npm:8.21.0":
  version: 8.21.0
  resolution: "ws@npm:8.21.0"
  peerDependencies:
    bufferutil: ^4.0.1
    utf-8-validate: ">=5.0.2"
  peerDependenciesMeta:
    bufferutil:
      optional: true
    utf-8-validate:
      optional: true
  checksum: 10c0/ef4a243476283fc49bc7550966c4af4aa0eef56273837211e700de3b664e08604a760cdddcb5ba43c049140e74ccfec5b0ee0bb439e08c2adf9138902fdde5f9
  languageName: node
  linkType: hard

"yallist@npm:^5.0.0":
  version: 5.0.0
  resolution: "yallist@npm:5.0.0"
  checksum: 10c0/a499c81ce6d4a1d260d4ea0f6d49ab4da09681e32c3f0472dee16667ed69d01dae63a3b81745a24bd78476ec4fcf856114cb4896ace738e01da34b2c42235416
  languageName: node
  linkType: hard

"zod@npm:^3.22.4":
  version: 3.25.76
  resolution: "zod@npm:3.25.76"
  checksum: 10c0/5718ec35e3c40b600316c5b4c5e4976f7fee68151bc8f8d90ec18a469be9571f072e1bbaace10f1e85cf8892ea12d90821b200e980ab46916a6166a4260a983c
  languageName: node
  linkType: hard
