{
  "originHash" : "ad1a53ba17e90d3a6e00f5a058ed4ded36f7db2f50c2e412312b690ae14f5208",
  "pins" : [
    {
      "identity" : "bigint",
      "kind" : "remoteSourceControl",
      "location" : "https://github.com/attaswift/BigInt.git",
      "state" : {
        "revision" : "793a7fac0bfc318e85994bf6900652e827aef33e",
        "version" : "5.4.1"
      }
    },
    {
      "identity" : "cryptoswift",
      "kind" : "remoteSourceControl",
      "location" : "https://github.com/krzyzanowskim/CryptoSwift.git",
      "state" : {
        "revision" : "e45a26384239e028ec87fbcc788f513b67e10d8f",
        "version" : "1.9.0"
      }
    },
    {
      "identity" : "phonenumberkit",
      "kind" : "remoteSourceControl",
      "location" : "https://github.com/marmelroy/PhoneNumberKit",
      "state" : {
        "revision" : "8cba2258060e356d5fc4836d4ff8549faa2409dd",
        "version" : "4.1.4"
      }
    },
    {
      "identity" : "secp256k1.swift",
      "kind" : "remoteSourceControl",
      "location" : "https://github.com/GigaBitcoin/secp256k1.swift",
      "state" : {
        "revision" : "48fb20fce4ca3aad89180448a127d5bc16f0e44c",
        "version" : "0.10.0"
      }
    },
    {
      "identity" : "swift-sdk",
      "kind" : "remoteSourceControl",
      "location" : "https://github.com/getpara/swift-sdk",
      "state" : {
        "branch" : "2.0.0-alpha",
        "revision" : "4bfc6d49b077d224867c00902f5555f93f34e982"
      }
    },
    {
      "identity" : "web3swift",
      "kind" : "remoteSourceControl",
      "location" : "https://github.com/web3swift-team/web3swift.git",
      "state" : {
        "revision" : "8275d1e33b3ed0df3f23961eb641c808e94d7c81",
        "version" : "3.3.1"
      }
    }
  ],
  "version" : 3
}
